// !$*UTF8*$!
{
	archiveVersion = 1;
	classes = {
	};
	objectVersion = 50;
	objects = {

/* Begin PBXBuildFile section */
		8346E73F24F6AE5800520F77 /* AppDelegate.swift in Sources */ = {isa = PBXBuildFile; fileRef = 8346E73E24F6AE5800520F77 /* AppDelegate.swift */; };
		8346E74124F6AE5800520F77 /* SceneDelegate.swift in Sources */ = {isa = PBXBuildFile; fileRef = 8346E74024F6AE5800520F77 /* SceneDelegate.swift */; };
		8346E74324F6AE5800520F77 /* ViewController.swift in Sources */ = {isa = PBXBuildFile; fileRef = 8346E74224F6AE5800520F77 /* ViewController.swift */; };
		8346E74624F6AE5800520F77 /* Main.storyboard in Resources */ = {isa = PBXBuildFile; fileRef = 8346E74424F6AE5800520F77 /* Main.storyboard */; };
		8346E74824F6AE5C00520F77 /* Assets.xcassets in Resources */ = {isa = PBXBuildFile; fileRef = 8346E74724F6AE5C00520F77 /* Assets.xcassets */; };
		8346E74B24F6AE5C00520F77 /* LaunchScreen.storyboard in Resources */ = {isa = PBXBuildFile; fileRef = 8346E74924F6AE5C00520F77 /* LaunchScreen.storyboard */; };
		8346E75624F6AE5D00520F77 /* ListOfPeopleDecodeTests.swift in Sources */ = {isa = PBXBuildFile; fileRef = 8346E75524F6AE5D00520F77 /* ListOfPeopleDecodeTests.swift */; };
		8346E76224F6AED100520F77 /* People.swift in Sources */ = {isa = PBXBuildFile; fileRef = 8346E76124F6AED100520F77 /* People.swift */; };
		8346E76724F6BC6D00520F77 /* PeopleTableViewCell.xib in Resources */ = {isa = PBXBuildFile; fileRef = 8346E76624F6BC6D00520F77 /* PeopleTableViewCell.xib */; };
		8346E76924F6C40800520F77 /* PeopleTableViewCell.swift in Sources */ = {isa = PBXBuildFile; fileRef = 8346E76824F6C40800520F77 /* PeopleTableViewCell.swift */; };
/* End PBXBuildFile section */

/* Begin PBXContainerItemProxy section */
		8346E75224F6AE5C00520F77 /* PBXContainerItemProxy */ = {
			isa = PBXContainerItemProxy;
			containerPortal = 8346E73324F6AE5800520F77 /* Project object */;
			proxyType = 1;
			remoteGlobalIDString = 8346E73A24F6AE5800520F77;
			remoteInfo = ListOfPeopleDecode;
		};
/* End PBXContainerItemProxy section */

/* Begin PBXFileReference section */
		8346E73B24F6AE5800520F77 /* ListOfPeopleDecode.app */ = {isa = PBXFileReference; explicitFileType = wrapper.application; includeInIndex = 0; path = ListOfPeopleDecode.app; sourceTree = BUILT_PRODUCTS_DIR; };
		8346E73E24F6AE5800520F77 /* AppDelegate.swift */ = {isa = PBXFileReference; lastKnownFileType = sourcecode.swift; path = AppDelegate.swift; sourceTree = "<group>"; };
		8346E74024F6AE5800520F77 /* SceneDelegate.swift */ = {isa = PBXFileReference; lastKnownFileType = sourcecode.swift; path = SceneDelegate.swift; sourceTree = "<group>"; };
		8346E74224F6AE5800520F77 /* ViewController.swift */ = {isa = PBXFileReference; lastKnownFileType = sourcecode.swift; path = ViewController.swift; sourceTree = "<group>"; };
		8346E74524F6AE5800520F77 /* Base */ = {isa = PBXFileReference; lastKnownFileType = file.storyboard; name = Base; path = Base.lproj/Main.storyboard; sourceTree = "<group>"; };
		8346E74724F6AE5C00520F77 /* Assets.xcassets */ = {isa = PBXFileReference; lastKnownFileType = folder.assetcatalog; path = Assets.xcassets; sourceTree = "<group>"; };
		8346E74A24F6AE5C00520F77 /* Base */ = {isa = PBXFileReference; lastKnownFileType = file.storyboard; name = Base; path = Base.lproj/LaunchScreen.storyboard; sourceTree = "<group>"; };
		8346E74C24F6AE5C00520F77 /* Info.plist */ = {isa = PBXFileReference; lastKnownFileType = text.plist.xml; path = Info.plist; sourceTree = "<group>"; };
		8346E75124F6AE5C00520F77 /* ListOfPeopleDecodeTests.xctest */ = {isa = PBXFileReference; explicitFileType = wrapper.cfbundle; includeInIndex = 0; path = ListOfPeopleDecodeTests.xctest; sourceTree = BUILT_PRODUCTS_DIR; };
		8346E75524F6AE5D00520F77 /* ListOfPeopleDecodeTests.swift */ = {isa = PBXFileReference; lastKnownFileType = sourcecode.swift; path = ListOfPeopleDecodeTests.swift; sourceTree = "<group>"; };
		8346E75724F6AE5D00520F77 /* Info.plist */ = {isa = PBXFileReference; lastKnownFileType = text.plist.xml; path = Info.plist; sourceTree = "<group>"; };
		8346E76124F6AED100520F77 /* People.swift */ = {isa = PBXFileReference; lastKnownFileType = sourcecode.swift; path = People.swift; sourceTree = "<group>"; };
		8346E76624F6BC6D00520F77 /* PeopleTableViewCell.xib */ = {isa = PBXFileReference; lastKnownFileType = file.xib; path = PeopleTableViewCell.xib; sourceTree = "<group>"; };
		8346E76824F6C40800520F77 /* PeopleTableViewCell.swift */ = {isa = PBXFileReference; lastKnownFileType = sourcecode.swift; path = PeopleTableViewCell.swift; sourceTree = "<group>"; };
/* End PBXFileReference section */

/* Begin PBXFrameworksBuildPhase section */
		8346E73824F6AE5800520F77 /* Frameworks */ = {
			isa = PBXFrameworksBuildPhase;
			buildActionMask = 2147483647;
			files = (
			);
			runOnlyForDeploymentPostprocessing = 0;
		};
		8346E74E24F6AE5C00520F77 /* Frameworks */ = {
			isa = PBXFrameworksBuildPhase;
			buildActionMask = 2147483647;
			files = (
			);
			runOnlyForDeploymentPostprocessing = 0;
		};
/* End PBXFrameworksBuildPhase section */

/* Begin PBXGroup section */
		8346E73224F6AE5800520F77 = {
			isa = PBXGroup;
			children = (
				8346E73D24F6AE5800520F77 /* ListOfPeopleDecode */,
				8346E75424F6AE5D00520F77 /* ListOfPeopleDecodeTests */,
				8346E73C24F6AE5800520F77 /* Products */,
			);
			sourceTree = "<group>";
		};
		8346E73C24F6AE5800520F77 /* Products */ = {
			isa = PBXGroup;
			children = (
				8346E73B24F6AE5800520F77 /* ListOfPeopleDecode.app */,
				8346E75124F6AE5C00520F77 /* ListOfPeopleDecodeTests.xctest */,
			);
			name = Products;
			sourceTree = "<group>";
		};
		8346E73D24F6AE5800520F77 /* ListOfPeopleDecode */ = {
			isa = PBXGroup;
			children = (
				8346E73E24F6AE5800520F77 /* AppDelegate.swift */,
				8346E74024F6AE5800520F77 /* SceneDelegate.swift */,
				8346E76524F6AF7C00520F77 /* Controller */,
				8346E76424F6AF4300520F77 /* View */,
				8346E76024F6AEAC00520F77 /* Model */,
				8346E74724F6AE5C00520F77 /* Assets.xcassets */,
				8346E74C24F6AE5C00520F77 /* Info.plist */,
			);
			path = ListOfPeopleDecode;
			sourceTree = "<group>";
		};
		8346E75424F6AE5D00520F77 /* ListOfPeopleDecodeTests */ = {
			isa = PBXGroup;
			children = (
				8346E75524F6AE5D00520F77 /* ListOfPeopleDecodeTests.swift */,
				8346E75724F6AE5D00520F77 /* Info.plist */,
			);
			path = ListOfPeopleDecodeTests;
			sourceTree = "<group>";
		};
		8346E76024F6AEAC00520F77 /* Model */ = {
			isa = PBXGroup;
			children = (
				8346E76124F6AED100520F77 /* People.swift */,
			);
			path = Model;
			sourceTree = "<group>";
		};
		8346E76424F6AF4300520F77 /* View */ = {
			isa = PBXGroup;
			children = (
				8346E74424F6AE5800520F77 /* Main.storyboard */,
				8346E74924F6AE5C00520F77 /* LaunchScreen.storyboard */,
				8346E76624F6BC6D00520F77 /* PeopleTableViewCell.xib */,
				8346E76824F6C40800520F77 /* PeopleTableViewCell.swift */,
			);
			path = View;
			sourceTree = "<group>";
		};
		8346E76524F6AF7C00520F77 /* Controller */ = {
			isa = PBXGroup;
			children = (
				8346E74224F6AE5800520F77 /* ViewController.swift */,
			);
			path = Controller;
			sourceTree = "<group>";
		};
/* End PBXGroup section */

/* Begin PBXNativeTarget section */
		8346E73A24F6AE5800520F77 /* ListOfPeopleDecode */ = {
			isa = PBXNativeTarget;
			buildConfigurationList = 8346E75A24F6AE5D00520F77 /* Build configuration list for PBXNativeTarget "ListOfPeopleDecode" */;
			buildPhases = (
				8346E73724F6AE5800520F77 /* Sources */,
				8346E73824F6AE5800520F77 /* Frameworks */,
				8346E73924F6AE5800520F77 /* Resources */,
			);
			buildRules = (
			);
			dependencies = (
			);
			name = ListOfPeopleDecode;
			productName = ListOfPeopleDecode;
			productReference = 8346E73B24F6AE5800520F77 /* ListOfPeopleDecode.app */;
			productType = "com.apple.product-type.application";
		};
		8346E75024F6AE5C00520F77 /* ListOfPeopleDecodeTests */ = {
			isa = PBXNativeTarget;
			buildConfigurationList = 8346E75D24F6AE5D00520F77 /* Build configuration list for PBXNativeTarget "ListOfPeopleDecodeTests" */;
			buildPhases = (
				8346E74D24F6AE5C00520F77 /* Sources */,
				8346E74E24F6AE5C00520F77 /* Frameworks */,
				8346E74F24F6AE5C00520F77 /* Resources */,
			);
			buildRules = (
			);
			dependencies = (
				8346E75324F6AE5C00520F77 /* PBXTargetDependency */,
			);
			name = ListOfPeopleDecodeTests;
			productName = ListOfPeopleDecodeTests;
			productReference = 8346E75124F6AE5C00520F77 /* ListOfPeopleDecodeTests.xctest */;
			productType = "com.apple.product-type.bundle.unit-test";
		};
/* End PBXNativeTarget section */

/* Begin PBXProject section */
		8346E73324F6AE5800520F77 /* Project object */ = {
			isa = PBXProject;
			attributes = {
				LastSwiftUpdateCheck = 1160;
				LastUpgradeCheck = 1160;
				ORGANIZATIONNAME = "Liza Lipatova";
				TargetAttributes = {
					8346E73A24F6AE5800520F77 = {
						CreatedOnToolsVersion = 11.6;
					};
					8346E75024F6AE5C00520F77 = {
						CreatedOnToolsVersion = 11.6;
						TestTargetID = 8346E73A24F6AE5800520F77;
					};
				};
			};
			buildConfigurationList = 8346E73624F6AE5800520F77 /* Build configuration list for PBXProject "ListOfPeopleDecode" */;
			compatibilityVersion = "Xcode 9.3";
			developmentRegion = en;
			hasScannedForEncodings = 0;
			knownRegions = (
				en,
				Base,
			);
			mainGroup = 8346E73224F6AE5800520F77;
			productRefGroup = 8346E73C24F6AE5800520F77 /* Products */;
			projectDirPath = "";
			projectRoot = "";
			targets = (
				8346E73A24F6AE5800520F77 /* ListOfPeopleDecode */,
				8346E75024F6AE5C00520F77 /* ListOfPeopleDecodeTests */,
			);
		};
/* End PBXProject section */

/* Begin PBXResourcesBuildPhase section */
		8346E73924F6AE5800520F77 /* Resources */ = {
			isa = PBXResourcesBuildPhase;
			buildActionMask = 2147483647;
			files = (
				8346E76724F6BC6D00520F77 /* PeopleTableViewCell.xib in Resources */,
				8346E74B24F6AE5C00520F77 /* LaunchScreen.storyboard in Resources */,
				8346E74824F6AE5C00520F77 /* Assets.xcassets in Resources */,
				8346E74624F6AE5800520F77 /* Main.storyboard in Resources */,
			);
			runOnlyForDeploymentPostprocessing = 0;
		};
		8346E74F24F6AE5C00520F77 /* Resources */ = {
			isa = PBXResourcesBuildPhase;
			buildActionMask = 2147483647;
			files = (
			);
			runOnlyForDeploymentPostprocessing = 0;
		};
/* End PBXResourcesBuildPhase section */

/* Begin PBXSourcesBuildPhase section */
		8346E73724F6AE5800520F77 /* Sources */ = {
			isa = PBXSourcesBuildPhase;
			buildActionMask = 2147483647;
			files = (
				8346E76924F6C40800520F77 /* PeopleTableViewCell.swift in Sources */,
				8346E76224F6AED100520F77 /* People.swift in Sources */,
				8346E74324F6AE5800520F77 /* ViewController.swift in Sources */,
				8346E73F24F6AE5800520F77 /* AppDelegate.swift in Sources */,
				8346E74124F6AE5800520F77 /* SceneDelegate.swift in Sources */,
			);
			runOnlyForDeploymentPostprocessing = 0;
		};
		8346E74D24F6AE5C00520F77 /* Sources */ = {
			isa = PBXSourcesBuildPhase;
			buildActionMask = 2147483647;
			files = (
				8346E75624F6AE5D00520F77 /* ListOfPeopleDecodeTests.swift in Sources */,
			);
			runOnlyForDeploymentPostprocessing = 0;
		};
/* End PBXSourcesBuildPhase section */

/* Begin PBXTargetDependency section */
		8346E75324F6AE5C00520F77 /* PBXTargetDependency */ = {
			isa = PBXTargetDependency;
			target = 8346E73A24F6AE5800520F77 /* ListOfPeopleDecode */;
			targetProxy = 8346E75224F6AE5C00520F77 /* PBXContainerItemProxy */;
		};
/* End PBXTargetDependency section */

/* Begin PBXVariantGroup section */
		8346E74424F6AE5800520F77 /* Main.storyboard */ = {
			isa = PBXVariantGroup;
			children = (
				8346E74524F6AE5800520F77 /* Base */,
			);
			name = Main.storyboard;
			sourceTree = "<group>";
		};
		8346E74924F6AE5C00520F77 /* LaunchScreen.storyboard */ = {
			isa = PBXVariantGroup;
			children = (
				8346E74A24F6AE5C00520F77 /* Base */,
			);
			name = LaunchScreen.storyboard;
			sourceTree = "<group>";
		};
/* End PBXVariantGroup section */

/* Begin XCBuildConfiguration section */
		8346E75824F6AE5D00520F77 /* Debug */ = {
			isa = XCBuildConfiguration;
			buildSettings = {
				ALWAYS_SEARCH_USER_PATHS = NO;
				CLANG_ANALYZER_NONNULL = YES;
				CLANG_ANALYZER_NUMBER_OBJECT_CONVERSION = YES_AGGRESSIVE;
				CLANG_CXX_LANGUAGE_STANDARD = "gnu++14";
				CLANG_CXX_LIBRARY = "libc++";
				CLANG_ENABLE_MODULES = YES;
				CLANG_ENABLE_OBJC_ARC = YES;
				CLANG_ENABLE_OBJC_WEAK = YES;
				CLANG_WARN_BLOCK_CAPTURE_AUTORELEASING = YES;
				CLANG_WARN_BOOL_CONVERSION = YES;
				CLANG_WARN_COMMA = YES;
				CLANG_WARN_CONSTANT_CONVERSION = YES;
				CLANG_WARN_DEPRECATED_OBJC_IMPLEMENTATIONS = YES;
				CLANG_WARN_DIRECT_OBJC_ISA_USAGE = YES_ERROR;
				CLANG_WARN_DOCUMENTATION_COMMENTS = YES;
				CLANG_WARN_EMPTY_BODY = YES;
				CLANG_WARN_ENUM_CONVERSION = YES;
				CLANG_WARN_INFINITE_RECURSION = YES;
				CLANG_WARN_INT_CONVERSION = YES;
				CLANG_WARN_NON_LITERAL_NULL_CONVERSION = YES;
				CLANG_WARN_OBJC_IMPLICIT_RETAIN_SELF = YES;
				CLANG_WARN_OBJC_LITERAL_CONVERSION = YES;
				CLANG_WARN_OBJC_ROOT_CLASS = YES_ERROR;
				CLANG_WARN_RANGE_LOOP_ANALYSIS = YES;
				CLANG_WARN_STRICT_PROTOTYPES = YES;
				CLANG_WARN_SUSPICIOUS_MOVE = YES;
				CLANG_WARN_UNGUARDED_AVAILABILITY = YES_AGGRESSIVE;
				CLANG_WARN_UNREACHABLE_CODE = YES;
				CLANG_WARN__DUPLICATE_METHOD_MATCH = YES;
				COPY_PHASE_STRIP = NO;
				DEBUG_INFORMATION_FORMAT = dwarf;
				ENABLE_STRICT_OBJC_MSGSEND = YES;
				ENABLE_TESTABILITY = YES;
				GCC_C_LANGUAGE_STANDARD = gnu11;
				GCC_DYNAMIC_NO_PIC = NO;
				GCC_NO_COMMON_BLOCKS = YES;
				GCC_OPTIMIZATION_LEVEL = 0;
				GCC_PREPROCESSOR_DEFINITIONS = (
					"DEBUG=1",
					"$(inherited)",
				);
				GCC_WARN_64_TO_32_BIT_CONVERSION = YES;
				GCC_WARN_ABOUT_RETURN_TYPE = YES_ERROR;
				GCC_WARN_UNDECLARED_SELECTOR = YES;
				GCC_WARN_UNINITIALIZED_AUTOS = YES_AGGRESSIVE;
				GCC_WARN_UNUSED_FUNCTION = YES;
				GCC_WARN_UNUSED_VARIABLE = YES;
				IPHONEOS_DEPLOYMENT_TARGET = 13.6;
				MTL_ENABLE_DEBUG_INFO = INCLUDE_SOURCE;
				MTL_FAST_MATH = YES;
				ONLY_ACTIVE_ARCH = YES;
				SDKROOT = iphoneos;
				SWIFT_ACTIVE_COMPILATION_CONDITIONS = DEBUG;
				SWIFT_OPTIMIZATION_LEVEL = "-Onone";
			};
			name = Debug;
		};
		8346E75924F6AE5D00520F77 /* Release */ = {
			isa = XCBuildConfiguration;
			buildSettings = {
				ALWAYS_SEARCH_USER_PATHS = NO;
				CLANG_ANALYZER_NONNULL = YES;
				CLANG_ANALYZER_NUMBER_OBJECT_CONVERSION = YES_AGGRESSIVE;
				CLANG_CXX_LANGUAGE_STANDARD = "gnu++14";
				CLANG_CXX_LIBRARY = "libc++";
				CLANG_ENABLE_MODULES = YES;
				CLANG_ENABLE_OBJC_ARC = YES;
				CLANG_ENABLE_OBJC_WEAK = YES;
				CLANG_WARN_BLOCK_CAPTURE_AUTORELEASING = YES;
				CLANG_WARN_BOOL_CONVERSION = YES;
				CLANG_WARN_COMMA = YES;
				CLANG_WARN_CONSTANT_CONVERSION = YES;
				CLANG_WARN_DEPRECATED_OBJC_IMPLEMENTATIONS = YES;
				CLANG_WARN_DIRECT_OBJC_ISA_USAGE = YES_ERROR;
				CLANG_WARN_DOCUMENTATION_COMMENTS = YES;
				CLANG_WARN_EMPTY_BODY = YES;
				CLANG_WARN_ENUM_CONVERSION = YES;
				CLANG_WARN_INFINITE_RECURSION = YES;
				CLANG_WARN_INT_CONVERSION = YES;
				CLANG_WARN_NON_LITERAL_NULL_CONVERSION = YES;
				CLANG_WARN_OBJC_IMPLICIT_RETAIN_SELF = YES;
				CLANG_WARN_OBJC_LITERAL_CONVERSION = YES;
				CLANG_WARN_OBJC_ROOT_CLASS = YES_ERROR;
				CLANG_WARN_RANGE_LOOP_ANALYSIS = YES;
				CLANG_WARN_STRICT_PROTOTYPES = YES;
				CLANG_WARN_SUSPICIOUS_MOVE = YES;
				CLANG_WARN_UNGUARDED_AVAILABILITY = YES_AGGRESSIVE;
				CLANG_WARN_UNREACHABLE_CODE = YES;
				CLANG_WARN__DUPLICATE_METHOD_MATCH = YES;
				COPY_PHASE_STRIP = NO;
				DEBUG_INFORMATION_FORMAT = "dwarf-with-dsym";
				ENABLE_NS_ASSERTIONS = NO;
				ENABLE_STRICT_OBJC_MSGSEND = YES;
				GCC_C_LANGUAGE_STANDARD = gnu11;
				GCC_NO_COMMON_BLOCKS = YES;
				GCC_WARN_64_TO_32_BIT_CONVERSION = YES;
				GCC_WARN_ABOUT_RETURN_TYPE = YES_ERROR;
				GCC_WARN_UNDECLARED_SELECTOR = YES;
				GCC_WARN_UNINITIALIZED_AUTOS = YES_AGGRESSIVE;
				GCC_WARN_UNUSED_FUNCTION = YES;
				GCC_WARN_UNUSED_VARIABLE = YES;
				IPHONEOS_DEPLOYMENT_TARGET = 13.6;
				MTL_ENABLE_DEBUG_INFO = NO;
				MTL_FAST_MATH = YES;
				SDKROOT = iphoneos;
				SWIFT_COMPILATION_MODE = wholemodule;
				SWIFT_OPTIMIZATION_LEVEL = "-O";
				VALIDATE_PRODUCT = YES;
			};
			name = Release;
		};
		8346E75B24F6AE5D00520F77 /* Debug */ = {
			isa = XCBuildConfiguration;
			buildSettings = {
				ASSETCATALOG_COMPILER_APPICON_NAME = AppIcon;
				CODE_SIGN_STYLE = Automatic;
				INFOPLIST_FILE = ListOfPeopleDecode/Info.plist;
				LD_RUNPATH_SEARCH_PATHS = (
					"$(inherited)",
					"@executable_path/Frameworks",
				);
				PRODUCT_BUNDLE_IDENTIFIER = "-.ListOfPeopleDecode";
				PRODUCT_NAME = "$(TARGET_NAME)";
				SWIFT_VERSION = 5.0;
				TARGETED_DEVICE_FAMILY = "1,2";
			};
			name = Debug;
		};
		8346E75C24F6AE5D00520F77 /* Release */ = {
			isa = XCBuildConfiguration;
			buildSettings = {
				ASSETCATALOG_COMPILER_APPICON_NAME = AppIcon;
				CODE_SIGN_STYLE = Automatic;
				INFOPLIST_FILE = ListOfPeopleDecode/Info.plist;
				LD_RUNPATH_SEARCH_PATHS = (
					"$(inherited)",
					"@executable_path/Frameworks",
				);
				PRODUCT_BUNDLE_IDENTIFIER = "-.ListOfPeopleDecode";
				PRODUCT_NAME = "$(TARGET_NAME)";
				SWIFT_VERSION = 5.0;
				TARGETED_DEVICE_FAMILY = "1,2";
			};
			name = Release;
		};
		8346E75E24F6AE5D00520F77 /* Debug */ = {
			isa = XCBuildConfiguration;
			buildSettings = {
				ALWAYS_EMBED_SWIFT_STANDARD_LIBRARIES = YES;
				BUNDLE_LOADER = "$(TEST_HOST)";
				CODE_SIGN_STYLE = Automatic;
				INFOPLIST_FILE = ListOfPeopleDecodeTests/Info.plist;
				IPHONEOS_DEPLOYMENT_TARGET = 13.6;
				LD_RUNPATH_SEARCH_PATHS = (
					"$(inherited)",
					"@executable_path/Frameworks",
					"@loader_path/Frameworks",
				);
				PRODUCT_BUNDLE_IDENTIFIER = "-.ListOfPeopleDecodeTests";
				PRODUCT_NAME = "$(TARGET_NAME)";
				SWIFT_VERSION = 5.0;
				TARGETED_DEVICE_FAMILY = "1,2";
				TEST_HOST = "$(BUILT_PRODUCTS_DIR)/ListOfPeopleDecode.app/ListOfPeopleDecode";
			};
			name = Debug;
		};
		8346E75F24F6AE5D00520F77 /* Release */ = {
			isa = XCBuildConfiguration;
			buildSettings = {
				ALWAYS_EMBED_SWIFT_STANDARD_LIBRARIES = YES;
				BUNDLE_LOADER = "$(TEST_HOST)";
				CODE_SIGN_STYLE = Automatic;
				INFOPLIST_FILE = ListOfPeopleDecodeTests/Info.plist;
				IPHONEOS_DEPLOYMENT_TARGET = 13.6;
				LD_RUNPATH_SEARCH_PATHS = (
					"$(inherited)",
					"@executable_path/Frameworks",
					"@loader_path/Frameworks",
				);
				PRODUCT_BUNDLE_IDENTIFIER = "-.ListOfPeopleDecodeTests";
				PRODUCT_NAME = "$(TARGET_NAME)";
				SWIFT_VERSION = 5.0;
				TARGETED_DEVICE_FAMILY = "1,2";
				TEST_HOST = "$(BUILT_PRODUCTS_DIR)/ListOfPeopleDecode.app/ListOfPeopleDecode";
			};
			name = Release;
		};
/* End XCBuildConfiguration section */

/* Begin XCConfigurationList section */
		8346E73624F6AE5800520F77 /* Build configuration list for PBXProject "ListOfPeopleDecode" */ = {
			isa = XCConfigurationList;
			buildConfigurations = (
				8346E75824F6AE5D00520F77 /* Debug */,
				8346E75924F6AE5D00520F77 /* Release */,
			);
			defaultConfigurationIsVisible = 0;
			defaultConfigurationName = Release;
		};
		8346E75A24F6AE5D00520F77 /* Build configuration list for PBXNativeTarget "ListOfPeopleDecode" */ = {
			isa = XCConfigurationList;
			buildConfigurations = (
				8346E75B24F6AE5D00520F77 /* Debug */,
				8346E75C24F6AE5D00520F77 /* Release */,
			);
			defaultConfigurationIsVisible = 0;
			defaultConfigurationName = Release;
		};
		8346E75D24F6AE5D00520F77 /* Build configuration list for PBXNativeTarget "ListOfPeopleDecodeTests" */ = {
			isa = XCConfigurationList;
			buildConfigurations = (
				8346E75E24F6AE5D00520F77 /* Debug */,
				8346E75F24F6AE5D00520F77 /* Release */,
			);
			defaultConfigurationIsVisible = 0;
			defaultConfigurationName = Release;
		};
/* End XCConfigurationList section */
	};
	rootObject = 8346E73324F6AE5800520F77 /* Project object */;
}
